// !$*UTF8*$!
{
	archiveVersion = 1;
	classes = {
	};
	objectVersion = 50;
	objects = {

/* Begin PBXBuildFile section */
		10669D7721387B0F00A11B5C /* AppDelegate.swift in Sources */ = {isa = PBXBuildFile; fileRef = 10669D7621387B0F00A11B5C /* AppDelegate.swift */; };
		10669D7C21387B0F00A11B5C /* Main.storyboard in Resources */ = {isa = PBXBuildFile; fileRef = 10669D7A21387B0F00A11B5C /* Main.storyboard */; };
		10669D7E21387B1000A11B5C /* Assets.xcassets in Resources */ = {isa = PBXBuildFile; fileRef = 10669D7D21387B1000A11B5C /* Assets.xcassets */; };
		10669D8121387B1000A11B5C /* LaunchScreen.storyboard in Resources */ = {isa = PBXBuildFile; fileRef = 10669D7F21387B1000A11B5C /* LaunchScreen.storyboard */; };
		10669D8921389AF800A11B5C /* DetailViewController.swift in Sources */ = {isa = PBXBuildFile; fileRef = 10669D8821389AF800A11B5C /* DetailViewController.swift */; };
		10669D8B21389B1A00A11B5C /* FriendsTableViewController.swift in Sources */ = {isa = PBXBuildFile; fileRef = 10669D8A21389B1A00A11B5C /* FriendsTableViewController.swift */; };
		10669D8D21389BA000A11B5C /* Friend.swift in Sources */ = {isa = PBXBuildFile; fileRef = 10669D8C21389BA000A11B5C /* Friend.swift */; };
		10669D8F21389C1C00A11B5C /* FriendController.swift in Sources */ = {isa = PBXBuildFile; fileRef = 10669D8E21389C1C00A11B5C /* FriendController.swift */; };
/* End PBXBuildFile section */

/* Begin PBXFileReference section */
		10669D7321387B0F00A11B5C /* Friends-Animation-2.app */ = {isa = PBXFileReference; explicitFileType = wrapper.application; includeInIndex = 0; path = "Friends-Animation-2.app"; sourceTree = BUILT_PRODUCTS_DIR; };
		10669D7621387B0F00A11B5C /* AppDelegate.swift */ = {isa = PBXFileReference; lastKnownFileType = sourcecode.swift; path = AppDelegate.swift; sourceTree = "<group>"; };
		10669D7B21387B0F00A11B5C /* Base */ = {isa = PBXFileReference; lastKnownFileType = file.storyboard; name = Base; path = Base.lproj/Main.storyboard; sourceTree = "<group>"; };
		10669D7D21387B1000A11B5C /* Assets.xcassets */ = {isa = PBXFileReference; lastKnownFileType = folder.assetcatalog; path = Assets.xcassets; sourceTree = "<group>"; };
		10669D8021387B1000A11B5C /* Base */ = {isa = PBXFileReference; lastKnownFileType = file.storyboard; name = Base; path = Base.lproj/LaunchScreen.storyboard; sourceTree = "<group>"; };
		10669D8221387B1000A11B5C /* Info.plist */ = {isa = PBXFileReference; lastKnownFileType = text.plist.xml; path = Info.plist; sourceTree = "<group>"; };
		10669D8821389AF800A11B5C /* DetailViewController.swift */ = {isa = PBXFileReference; lastKnownFileType = sourcecode.swift; path = DetailViewController.swift; sourceTree = "<group>"; };
		10669D8A21389B1A00A11B5C /* FriendsTableViewController.swift */ = {isa = PBXFileReference; lastKnownFileType = sourcecode.swift; path = FriendsTableViewController.swift; sourceTree = "<group>"; };
		10669D8C21389BA000A11B5C /* Friend.swift */ = {isa = PBXFileReference; lastKnownFileType = sourcecode.swift; path = Friend.swift; sourceTree = "<group>"; };
		10669D8E21389C1C00A11B5C /* FriendController.swift */ = {isa = PBXFileReference; lastKnownFileType = sourcecode.swift; path = FriendController.swift; sourceTree = "<group>"; };
/* End PBXFileReference section */

/* Begin PBXFrameworksBuildPhase section */
		10669D7021387B0F00A11B5C /* Frameworks */ = {
			isa = PBXFrameworksBuildPhase;
			buildActionMask = 2147483647;
			files = (
			);
			runOnlyForDeploymentPostprocessing = 0;
		};
/* End PBXFrameworksBuildPhase section */

/* Begin PBXGroup section */
		10669D6A21387B0F00A11B5C = {
			isa = PBXGroup;
			children = (
				10669D7521387B0F00A11B5C /* Friends-Animation-2 */,
				10669D7421387B0F00A11B5C /* Products */,
			);
			sourceTree = "<group>";
		};
		10669D7421387B0F00A11B5C /* Products */ = {
			isa = PBXGroup;
			children = (
				10669D7321387B0F00A11B5C /* Friends-Animation-2.app */,
			);
			name = Products;
			sourceTree = "<group>";
		};
		10669D7521387B0F00A11B5C /* Friends-Animation-2 */ = {
			isa = PBXGroup;
			children = (
				10669D7A21387B0F00A11B5C /* Main.storyboard */,
				10669D9021389C2200A11B5C /* Model and Model Controller */,
				10669D9121389C2A00A11B5C /* View Controllers */,
				10669D9221389C3D00A11B5C /* Resources */,
			);
			path = "Friends-Animation-2";
			sourceTree = "<group>";
		};
		10669D9021389C2200A11B5C /* Model and Model Controller */ = {
			isa = PBXGroup;
			children = (
				10669D8C21389BA000A11B5C /* Friend.swift */,
				10669D8E21389C1C00A11B5C /* FriendController.swift */,
			);
			path = "Model and Model Controller";
			sourceTree = "<group>";
		};
		10669D9121389C2A00A11B5C /* View Controllers */ = {
			isa = PBXGroup;
			children = (
				10669D8A21389B1A00A11B5C /* FriendsTableViewController.swift */,
				10669D8821389AF800A11B5C /* DetailViewController.swift */,
			);
			path = "View Controllers";
			sourceTree = "<group>";
		};
		10669D9221389C3D00A11B5C /* Resources */ = {
			isa = PBXGroup;
			children = (
				10669D7621387B0F00A11B5C /* AppDelegate.swift */,
				10669D7D21387B1000A11B5C /* Assets.xcassets */,
				10669D7F21387B1000A11B5C /* LaunchScreen.storyboard */,
				10669D8221387B1000A11B5C /* Info.plist */,
			);
			path = Resources;
			sourceTree = "<group>";
		};
/* End PBXGroup section */

/* Begin PBXNativeTarget section */
		10669D7221387B0F00A11B5C /* Friends-Animation-2 */ = {
			isa = PBXNativeTarget;
			buildConfigurationList = 10669D8521387B1000A11B5C /* Build configuration list for PBXNativeTarget "Friends-Animation-2" */;
			buildPhases = (
				10669D6F21387B0F00A11B5C /* Sources */,
				10669D7021387B0F00A11B5C /* Frameworks */,
				10669D7121387B0F00A11B5C /* Resources */,
			);
			buildRules = (
			);
			dependencies = (
			);
			name = "Friends-Animation-2";
			productName = "Friends-Animation-2";
			productReference = 10669D7321387B0F00A11B5C /* Friends-Animation-2.app */;
			productType = "com.apple.product-type.application";
		};
/* End PBXNativeTarget section */

/* Begin PBXProject section */
		10669D6B21387B0F00A11B5C /* Project object */ = {
			isa = PBXProject;
			attributes = {
				LastSwiftUpdateCheck = 0940;
				LastUpgradeCheck = 0940;
				ORGANIZATIONNAME = "Andrew Liao";
				TargetAttributes = {
					10669D7221387B0F00A11B5C = {
						CreatedOnToolsVersion = 9.4.1;
					};
				};
			};
			buildConfigurationList = 10669D6E21387B0F00A11B5C /* Build configuration list for PBXProject "Friends-Animation-2" */;
			compatibilityVersion = "Xcode 9.3";
			developmentRegion = en;
			hasScannedForEncodings = 0;
			knownRegions = (
				en,
				Base,
			);
			mainGroup = 10669D6A21387B0F00A11B5C;
			productRefGroup = 10669D7421387B0F00A11B5C /* Products */;
			projectDirPath = "";
			projectRoot = "";
			targets = (
				10669D7221387B0F00A11B5C /* Friends-Animation-2 */,
			);
		};
/* End PBXProject section */

/* Begin PBXResourcesBuildPhase section */
		10669D7121387B0F00A11B5C /* Resources */ = {
			isa = PBXResourcesBuildPhase;
			buildActionMask = 2147483647;
			files = (
				10669D8121387B1000A11B5C /* LaunchScreen.storyboard in Resources */,
				10669D7E21387B1000A11B5C /* Assets.xcassets in Resources */,
				10669D7C21387B0F00A11B5C /* Main.storyboard in Resources */,
			);
			runOnlyForDeploymentPostprocessing = 0;
		};
/* End PBXResourcesBuildPhase section */

/* Begin PBXSourcesBuildPhase section */
		10669D6F21387B0F00A11B5C /* Sources */ = {
			isa = PBXSourcesBuildPhase;
			buildActionMask = 2147483647;
			files = (
				10669D8921389AF800A11B5C /* DetailViewController.swift in Sources */,
				10669D7721387B0F00A11B5C /* AppDelegate.swift in Sources */,
				10669D8F21389C1C00A11B5C /* FriendController.swift in Sources */,
				10669D8B21389B1A00A11B5C /* FriendsTableViewController.swift in Sources */,
				10669D8D21389BA000A11B5C /* Friend.swift in Sources */,
			);
			runOnlyForDeploymentPostprocessing = 0;
		};
/* End PBXSourcesBuildPhase section */

/* Begin PBXVariantGroup section */
		10669D7A21387B0F00A11B5C /* Main.storyboard */ = {
			isa = PBXVariantGroup;
			children = (
				10669D7B21387B0F00A11B5C /* Base */,
			);
			name = Main.storyboard;
			sourceTree = "<group>";
		};
		10669D7F21387B1000A11B5C /* LaunchScreen.storyboard */ = {
			isa = PBXVariantGroup;
			children = (
				10669D8021387B1000A11B5C /* Base */,
			);
			name = LaunchScreen.storyboard;
			sourceTree = "<group>";
		};
/* End PBXVariantGroup section */

/* Begin XCBuildConfiguration section */
		10669D8321387B1000A11B5C /* Debug */ = {
			isa = XCBuildConfiguration;
			buildSettings = {
				ALWAYS_SEARCH_USER_PATHS = NO;
				CLANG_ANALYZER_NONNULL = YES;
				CLANG_ANALYZER_NUMBER_OBJECT_CONVERSION = YES_AGGRESSIVE;
				CLANG_CXX_LANGUAGE_STANDARD = "gnu++14";
				CLANG_CXX_LIBRARY = "libc++";
				CLANG_ENABLE_MODULES = YES;
				CLANG_ENABLE_OBJC_ARC = YES;
				CLANG_ENABLE_OBJC_WEAK = YES;
				CLANG_WARN_BLOCK_CAPTURE_AUTORELEASING = YES;
				CLANG_WARN_BOOL_CONVERSION = YES;
				CLANG_WARN_COMMA = YES;
				CLANG_WARN_CONSTANT_CONVERSION = YES;
				CLANG_WARN_DEPRECATED_OBJC_IMPLEMENTATIONS = YES;
				CLANG_WARN_DIRECT_OBJC_ISA_USAGE = YES_ERROR;
				CLANG_WARN_DOCUMENTATION_COMMENTS = YES;
				CLANG_WARN_EMPTY_BODY = YES;
				CLANG_WARN_ENUM_CONVERSION = YES;
				CLANG_WARN_INFINITE_RECURSION = YES;
				CLANG_WARN_INT_CONVERSION = YES;
				CLANG_WARN_NON_LITERAL_NULL_CONVERSION = YES;
				CLANG_WARN_OBJC_IMPLICIT_RETAIN_SELF = YES;
				CLANG_WARN_OBJC_LITERAL_CONVERSION = YES;
				CLANG_WARN_OBJC_ROOT_CLASS = YES_ERROR;
				CLANG_WARN_RANGE_LOOP_ANALYSIS = YES;
				CLANG_WARN_STRICT_PROTOTYPES = YES;
				CLANG_WARN_SUSPICIOUS_MOVE = YES;
				CLANG_WARN_UNGUARDED_AVAILABILITY = YES_AGGRESSIVE;
				CLANG_WARN_UNREACHABLE_CODE = YES;
				CLANG_WARN__DUPLICATE_METHOD_MATCH = YES;
				CODE_SIGN_IDENTITY = "iPhone Developer";
				COPY_PHASE_STRIP = NO;
				DEBUG_INFORMATION_FORMAT = dwarf;
				ENABLE_STRICT_OBJC_MSGSEND = YES;
				ENABLE_TESTABILITY = YES;
				GCC_C_LANGUAGE_STANDARD = gnu11;
				GCC_DYNAMIC_NO_PIC = NO;
				GCC_NO_COMMON_BLOCKS = YES;
				GCC_OPTIMIZATION_LEVEL = 0;
				GCC_PREPROCESSOR_DEFINITIONS = (
					"DEBUG=1",
					"$(inherited)",
				);
				GCC_WARN_64_TO_32_BIT_CONVERSION = YES;
				GCC_WARN_ABOUT_RETURN_TYPE = YES_ERROR;
				GCC_WARN_UNDECLARED_SELECTOR = YES;
				GCC_WARN_UNINITIALIZED_AUTOS = YES_AGGRESSIVE;
				GCC_WARN_UNUSED_FUNCTION = YES;
				GCC_WARN_UNUSED_VARIABLE = YES;
				IPHONEOS_DEPLOYMENT_TARGET = 11.4;
				MTL_ENABLE_DEBUG_INFO = YES;
				ONLY_ACTIVE_ARCH = YES;
				SDKROOT = iphoneos;
				SWIFT_ACTIVE_COMPILATION_CONDITIONS = DEBUG;
				SWIFT_OPTIMIZATION_LEVEL = "-Onone";
			};
			name = Debug;
		};
		10669D8421387B1000A11B5C /* Release */ = {
			isa = XCBuildConfiguration;
			buildSettings = {
				ALWAYS_SEARCH_USER_PATHS = NO;
				CLANG_ANALYZER_NONNULL = YES;
				CLANG_ANALYZER_NUMBER_OBJECT_CONVERSION = YES_AGGRESSIVE;
				CLANG_CXX_LANGUAGE_STANDARD = "gnu++14";
				CLANG_CXX_LIBRARY = "libc++";
				CLANG_ENABLE_MODULES = YES;
				CLANG_ENABLE_OBJC_ARC = YES;
				CLANG_ENABLE_OBJC_WEAK = YES;
				CLANG_WARN_BLOCK_CAPTURE_AUTORELEASING = YES;
				CLANG_WARN_BOOL_CONVERSION = YES;
				CLANG_WARN_COMMA = YES;
				CLANG_WARN_CONSTANT_CONVERSION = YES;
				CLANG_WARN_DEPRECATED_OBJC_IMPLEMENTATIONS = YES;
				CLANG_WARN_DIRECT_OBJC_ISA_USAGE = YES_ERROR;
				CLANG_WARN_DOCUMENTATION_COMMENTS = YES;
				CLANG_WARN_EMPTY_BODY = YES;
				CLANG_WARN_ENUM_CONVERSION = YES;
				CLANG_WARN_INFINITE_RECURSION = YES;
				CLANG_WARN_INT_CONVERSION = YES;
				CLANG_WARN_NON_LITERAL_NULL_CONVERSION = YES;
				CLANG_WARN_OBJC_IMPLICIT_RETAIN_SELF = YES;
				CLANG_WARN_OBJC_LITERAL_CONVERSION = YES;
				CLANG_WARN_OBJC_ROOT_CLASS = YES_ERROR;
				CLANG_WARN_RANGE_LOOP_ANALYSIS = YES;
				CLANG_WARN_STRICT_PROTOTYPES = YES;
				CLANG_WARN_SUSPICIOUS_MOVE = YES;
				CLANG_WARN_UNGUARDED_AVAILABILITY = YES_AGGRESSIVE;
				CLANG_WARN_UNREACHABLE_CODE = YES;
				CLANG_WARN__DUPLICATE_METHOD_MATCH = YES;
				CODE_SIGN_IDENTITY = "iPhone Developer";
				COPY_PHASE_STRIP = NO;
				DEBUG_INFORMATION_FORMAT = "dwarf-with-dsym";
				ENABLE_NS_ASSERTIONS = NO;
				ENABLE_STRICT_OBJC_MSGSEND = YES;
				GCC_C_LANGUAGE_STANDARD = gnu11;
				GCC_NO_COMMON_BLOCKS = YES;
				GCC_WARN_64_TO_32_BIT_CONVERSION = YES;
				GCC_WARN_ABOUT_RETURN_TYPE = YES_ERROR;
				GCC_WARN_UNDECLARED_SELECTOR = YES;
				GCC_WARN_UNINITIALIZED_AUTOS = YES_AGGRESSIVE;
				GCC_WARN_UNUSED_FUNCTION = YES;
				GCC_WARN_UNUSED_VARIABLE = YES;
				IPHONEOS_DEPLOYMENT_TARGET = 11.4;
				MTL_ENABLE_DEBUG_INFO = NO;
				SDKROOT = iphoneos;
				SWIFT_COMPILATION_MODE = wholemodule;
				SWIFT_OPTIMIZATION_LEVEL = "-O";
				VALIDATE_PRODUCT = YES;
			};
			name = Release;
		};
		10669D8621387B1000A11B5C /* Debug */ = {
			isa = XCBuildConfiguration;
			buildSettings = {
				ASSETCATALOG_COMPILER_APPICON_NAME = AppIcon;
				CODE_SIGN_STYLE = Automatic;
				DEVELOPMENT_TEAM = 579Y2HH9JP;
				INFOPLIST_FILE = "$(SRCROOT)/Friends-Animation-2/Resources/Info.plist";
				LD_RUNPATH_SEARCH_PATHS = (
					"$(inherited)",
					"@executable_path/Frameworks",
				);
				PRODUCT_BUNDLE_IDENTIFIER = "com.andrew.Friends-Animation-2";
				PRODUCT_NAME = "$(TARGET_NAME)";
				SWIFT_VERSION = 4.0;
				TARGETED_DEVICE_FAMILY = "1,2";
			};
			name = Debug;
		};
		10669D8721387B1000A11B5C /* Release */ = {
			isa = XCBuildConfiguration;
			buildSettings = {
				ASSETCATALOG_COMPILER_APPICON_NAME = AppIcon;
				CODE_SIGN_STYLE = Automatic;
				DEVELOPMENT_TEAM = 579Y2HH9JP;
				INFOPLIST_FILE = "$(SRCROOT)/Friends-Animation-2/Resources/Info.plist";
				LD_RUNPATH_SEARCH_PATHS = (
					"$(inherited)",
					"@executable_path/Frameworks",
				);
				PRODUCT_BUNDLE_IDENTIFIER = "com.andrew.Friends-Animation-2";
				PRODUCT_NAME = "$(TARGET_NAME)";
				SWIFT_VERSION = 4.0;
				TARGETED_DEVICE_FAMILY = "1,2";
			};
			name = Release;
		};
/* End XCBuildConfiguration section */

/* Begin XCConfigurationList section */
		10669D6E21387B0F00A11B5C /* Build configuration list for PBXProject "Friends-Animation-2" */ = {
			isa = XCConfigurationList;
			buildConfigurations = (
				10669D8321387B1000A11B5C /* Debug */,
				10669D8421387B1000A11B5C /* Release */,
			);
			defaultConfigurationIsVisible = 0;
			defaultConfigurationName = Release;
		};
		10669D8521387B1000A11B5C /* Build configuration list for PBXNativeTarget "Friends-Animation-2" */ = {
			isa = XCConfigurationList;
			buildConfigurations = (
				10669D8621387B1000A11B5C /* Debug */,
				10669D8721387B1000A11B5C /* Release */,
			);
			defaultConfigurationIsVisible = 0;
			defaultConfigurationName = Release;
		};
/* End XCConfigurationList section */
	};
	rootObject = 10669D6B21387B0F00A11B5C /* Project object */;
}
